
Microsoft Visual Studio Solution File, Format Version 12.00
# Visual Studio Version 17
VisualStudioVersion = 17.0.31512.422
MinimumVisualStudioVersion = 10.0.40219.1
Project("{9A19103F-16F7-4668-BE54-9A1E7A4F7556}") = "ConsoleWithDI", "ConsoleWithDI.csproj", "{D8728465-15D5-4DCF-AA31-BDF4BF78E2F2}"
EndProject
Global
	GlobalSection(SolutionConfigurationPlatforms) = preSolution
		Debug|Any CPU = Debug|Any CPU
		Release|Any CPU = Release|Any CPU
	EndGlobalSection
	GlobalSection(ProjectConfigurationPlatforms) = postSolution
		{D8728465-15D5-4DCF-AA31-BDF4BF78E2F2}.Debug|Any CPU.ActiveCfg = Debug|Any CPU
		{D8728465-15D5-4DCF-AA31-BDF4BF78E2F2}.Debug|Any CPU.Build.0 = Debug|Any CPU
		{D8728465-15D5-4DCF-AA31-BDF4BF78E2F2}.Release|Any CPU.ActiveCfg = Release|Any CPU
		{D8728465-15D5-4DCF-AA31-BDF4BF78E2F2}.Release|Any CPU.Build.0 = Release|Any CPU
	EndGlobalSection
	GlobalSection(SolutionProperties) = preSolution
		HideSolutionNode = FALSE
	EndGlobalSection
	GlobalSection(ExtensibilityGlobals) = postSolution
		SolutionGuid = {AAE063F1-CF32-4DE1-A037-F2E5F6442DF6}
	EndGlobalSection
EndGlobal
